
Microsoft Visual Studio Solution File, Format Version 12.00
# Visual Studio Version 17
VisualStudioVersion = 17.5.2.0
MinimumVisualStudioVersion = 10.0.40219.1
Project("{FAE04EC0-301F-11D3-BF4B-00C04F79EFBC}") = "WebApp", "WebApp\WebApp.csproj", "{9D5BD79E-3CDA-4000-7A14-B8AD17938B1D}"
EndProject
Project("{FAE04EC0-301F-11D3-BF4B-00C04F79EFBC}") = "Data", "Data\Data.csproj", "{01674680-51DD-47A3-A0CF-131D7B22A89E}"
EndProject
Project("{FAE04EC0-301F-11D3-BF4B-00C04F79EFBC}") = "Business", "Business\Business.csproj", "{9D8349EE-9BDB-41B6-8A8F-F4A94D8B6193}"
EndProject
Global
	GlobalSection(SolutionConfigurationPlatforms) = preSolution
		Debug|Any CPU = Debug|Any CPU
		Release|Any CPU = Release|Any CPU
	EndGlobalSection
	GlobalSection(ProjectConfigurationPlatforms) = postSolution
		{9D5BD79E-3CDA-4000-7A14-B8AD17938B1D}.Debug|Any CPU.ActiveCfg = Debug|Any CPU
		{9D5BD79E-3CDA-4000-7A14-B8AD17938B1D}.Debug|Any CPU.Build.0 = Debug|Any CPU
		{9D5BD79E-3CDA-4000-7A14-B8AD17938B1D}.Release|Any CPU.ActiveCfg = Release|Any CPU
		{9D5BD79E-3CDA-4000-7A14-B8AD17938B1D}.Release|Any CPU.Build.0 = Release|Any CPU
		{01674680-51DD-47A3-A0CF-131D7B22A89E}.Debug|Any CPU.ActiveCfg = Debug|Any CPU
		{01674680-51DD-47A3-A0CF-131D7B22A89E}.Debug|Any CPU.Build.0 = Debug|Any CPU
		{01674680-51DD-47A3-A0CF-131D7B22A89E}.Release|Any CPU.ActiveCfg = Release|Any CPU
		{01674680-51DD-47A3-A0CF-131D7B22A89E}.Release|Any CPU.Build.0 = Release|Any CPU
		{9D8349EE-9BDB-41B6-8A8F-F4A94D8B6193}.Debug|Any CPU.ActiveCfg = Debug|Any CPU
		{9D8349EE-9BDB-41B6-8A8F-F4A94D8B6193}.Debug|Any CPU.Build.0 = Debug|Any CPU
		{9D8349EE-9BDB-41B6-8A8F-F4A94D8B6193}.Release|Any CPU.ActiveCfg = Release|Any CPU
		{9D8349EE-9BDB-41B6-8A8F-F4A94D8B6193}.Release|Any CPU.Build.0 = Release|Any CPU
	EndGlobalSection
	GlobalSection(SolutionProperties) = preSolution
		HideSolutionNode = FALSE
	EndGlobalSection
	GlobalSection(ExtensibilityGlobals) = postSolution
		SolutionGuid = {48579D93-E6AF-490B-9BA3-AC98ECD3DEA5}
	EndGlobalSection
EndGlobal
